
Microsoft Visual Studio Solution File, Format Version 12.00
# Visual Studio Version 17
VisualStudioVersion = 17.5.33627.172
MinimumVisualStudioVersion = 10.0.40219.1
Project("{FAE04EC0-301F-11D3-BF4B-00C04F79EFBC}") = "MRSAPI", "MRSAPI\MRSAPI.csproj", "{60E3BB5B-0FE2-4E9F-8811-0A34DB24B34C}"
EndProject
Global
	GlobalSection(SolutionConfigurationPlatforms) = preSolution
		Debug|Any CPU = Debug|Any CPU
		Release|Any CPU = Release|Any CPU
	EndGlobalSection
	GlobalSection(ProjectConfigurationPlatforms) = postSolution
		{60E3BB5B-0FE2-4E9F-8811-0A34DB24B34C}.Debug|Any CPU.ActiveCfg = Debug|Any CPU
		{60E3BB5B-0FE2-4E9F-8811-0A34DB24B34C}.Debug|Any CPU.Build.0 = Debug|Any CPU
		{60E3BB5B-0FE2-4E9F-8811-0A34DB24B34C}.Release|Any CPU.ActiveCfg = Release|Any CPU
		{60E3BB5B-0FE2-4E9F-8811-0A34DB24B34C}.Release|Any CPU.Build.0 = Release|Any CPU
	EndGlobalSection
	GlobalSection(SolutionProperties) = preSolution
		HideSolutionNode = FALSE
	EndGlobalSection
	GlobalSection(ExtensibilityGlobals) = postSolution
		SolutionGuid = {3106E336-C543-4664-BB74-A3A49EF0CF89}
	EndGlobalSection
EndGlobal
